{
  "nodes": {
    "mmd_tools": {
      "flake": false,
      "locked": {
        "lastModified": 1778638754,
        "narHash": "sha256-vSCIQvOvYlMeF4PHdqheK1q9+O0T6SVcwCtgBQ8abnI=",
        "owner": "MMD-Blender",
        "repo": "blender_mmd_tools",
        "rev": "64db7d4d6e83e0e7a38f7ea9da7dc51019813250",
        "type": "github"
      },
      "original": {
        "owner": "MMD-Blender",
        "repo": "blender_mmd_tools",
        "type": "github"
      }
    },
    "nixpkgs": {
      "locked": {
        "lastModified": 1778869304,
        "narHash": "sha256-30sZNZoA1cqF5JNO9fVX+wgiQYjB7HJqqJ4ztCDeBZE=",
        "owner": "NixOS",
        "repo": "nixpkgs",
        "rev": "d233902339c02a9c334e7e593de68855ad26c4cb",
        "type": "github"
      },
      "original": {
        "owner": "NixOS",
        "ref": "nixos-unstable",
        "repo": "nixpkgs",
        "type": "github"
      }
    },
    "root": {
      "inputs": {
        "mmd_tools": "mmd_tools",
        "nixpkgs": "nixpkgs"
      }
    }
  },
  "root": "root",
  "version": 7
}
